
Microsoft Visual Studio Solution File, Format Version 12.00
# Visual Studio Version 16
VisualStudioVersion = 16.0.31005.135
MinimumVisualStudioVersion = 10.0.40219.1
Project("{FAE04EC0-301F-11D3-BF4B-00C04F79EFBC}") = "CadastroProdutos", "CadastroProdutos\CadastroProdutos.csproj", "{C64E63DA-E426-4F4D-88D3-227F035D4409}"
EndProject
Global
	GlobalSection(SolutionConfigurationPlatforms) = preSolution
		Debug|Any CPU = Debug|Any CPU
		Release|Any CPU = Release|Any CPU
	EndGlobalSection
	GlobalSection(ProjectConfigurationPlatforms) = postSolution
		{C64E63DA-E426-4F4D-88D3-227F035D4409}.Debug|Any CPU.ActiveCfg = Debug|Any CPU
		{C64E63DA-E426-4F4D-88D3-227F035D4409}.Debug|Any CPU.Build.0 = Debug|Any CPU
		{C64E63DA-E426-4F4D-88D3-227F035D4409}.Release|Any CPU.ActiveCfg = Release|Any CPU
		{C64E63DA-E426-4F4D-88D3-227F035D4409}.Release|Any CPU.Build.0 = Release|Any CPU
	EndGlobalSection
	GlobalSection(SolutionProperties) = preSolution
		HideSolutionNode = FALSE
	EndGlobalSection
	GlobalSection(ExtensibilityGlobals) = postSolution
		SolutionGuid = {9DA3210E-D56B-4DC7-B9D8-F5907DF85452}
	EndGlobalSection
EndGlobal
